<?xml version="1.0" encoding="utf-8"?>
<Project ToolsVersion="4.0" xmlns="http://schemas.microsoft.com/developer/msbuild/2003">
  <ItemGroup>
    <Filter Include="Source Files">
      <UniqueIdentifier>{4FC737F1-C7A5-4376-A066-2A32D752A2FF}</UniqueIdentifier>
      <Extensions>cpp;c;cc;cxx;def;odl;idl;hpj;bat;asm;asmx</Extensions>
    </Filter>
    <Filter Include="Header Files">
      <UniqueIdentifier>{93995380-89BD-4b04-88EB-625FBE52EBFB}</UniqueIdentifier>
      <Extensions>h;hh;hpp;hxx;hm;inl;inc;xsd</Extensions>
    </Filter>
    <Filter Include="Resource Files">
      <UniqueIdentifier>{67DA6AB6-F800-4c08-8B7A-83BB121AAD01}</UniqueIdentifier>
      <Extensions>rc;ico;cur;bmp;dlg;rc2;rct;bin;rgs;gif;jpg;jpeg;jpe;resx;tiff;tif;png;wav;mfcribbon-ms</Extensions>
    </Filter>
    <Filter Include="Header Files\State Management">
      <UniqueIdentifier>{08be146c-fee4-44a6-872e-a856123df9dc}</UniqueIdentifier>
    </Filter>
    <Filter Include="Header Files\State Management\Game State Manager">
      <UniqueIdentifier>{bfabc214-a72f-4b5f-98c6-336043a23fcd}</UniqueIdentifier>
    </Filter>
    <Filter Include="Header Files\State Management\Finite State Machine">
      <UniqueIdentifier>{c8be034b-2261-431f-b80d-9b1d335e87d0}</UniqueIdentifier>
    </Filter>
    <Filter Include="Header Files\Resource Management">
      <UniqueIdentifier>{a7978ee5-ad83-460b-9517-7498490baca7}</UniqueIdentifier>
    </Filter>
    <Filter Include="Header Files\States">
      <UniqueIdentifier>{7aec3a8d-75f0-49da-806b-83a45fdea578}</UniqueIdentifier>
    </Filter>
    <Filter Include="Source Files\State Management">
      <UniqueIdentifier>{72b2adb4-bb69-4d2c-bb00-c2ffb88d1b32}</UniqueIdentifier>
    </Filter>
    <Filter Include="Source Files\States">
      <UniqueIdentifier>{af5e4d9f-ff9d-4b46-b995-c8dd955f46c8}</UniqueIdentifier>
    </Filter>
    <Filter Include="Source Files\State Management\Game State Manager">
      <UniqueIdentifier>{abc75bcc-8d18-44d9-88ff-598fc428976a}</UniqueIdentifier>
    </Filter>
    <Filter Include="Source Files\State Management\Finite State Machine">
      <UniqueIdentifier>{68dbd7f7-c8f3-4e2a-8ba9-84b3188099f3}</UniqueIdentifier>
    </Filter>
  </ItemGroup>
  <ItemGroup>
    <ClCompile Include="Application2D.cpp">
      <Filter>Source Files</Filter>
    </ClCompile>
    <ClCompile Include="main.cpp">
      <Filter>Source Files</Filter>
    </ClCompile>
    <ClCompile Include="Object.cpp">
      <Filter>Source Files</Filter>
    </ClCompile>
    <ClCompile Include="SplashScreen.cpp">
      <Filter>Source Files\States</Filter>
    </ClCompile>
    <ClCompile Include="Transition.cpp">
      <Filter>Source Files\State Management\Finite State Machine</Filter>
    </ClCompile>
    <ClCompile Include="GameStateManager.cpp">
      <Filter>Source Files\State Management\Game State Manager</Filter>
    </ClCompile>
    <ClCompile Include="MainMenu.cpp">
      <Filter>Source Files\States</Filter>
    </ClCompile>
    <ClCompile Include="Gameplay.cpp">
      <Filter>Source Files\States</Filter>
    </ClCompile>
  </ItemGroup>
  <ItemGroup>
    <ClInclude Include="Application2D.h">
      <Filter>Header Files</Filter>
    </ClInclude>
    <ClInclude Include="Object.h">
      <Filter>Header Files</Filter>
    </ClInclude>
    <ClInclude Include="Condition.h">
      <Filter>Header Files\State Management\Finite State Machine</Filter>
    </ClInclude>
    <ClInclude Include="State.h">
      <Filter>Header Files\State Management\Finite State Machine</Filter>
    </ClInclude>
    <ClInclude Include="FiniteStateMachine.h">
      <Filter>Header Files\State Management\Finite State Machine</Filter>
    </ClInclude>
    <ClInclude Include="GameState.h">
      <Filter>Header Files\State Management\Game State Manager</Filter>
    </ClInclude>
    <ClInclude Include="GameStateManager.h">
      <Filter>Header Files\State Management\Game State Manager</Filter>
    </ClInclude>
    <ClInclude Include="Resource.h">
      <Filter>Header Files\Resource Management</Filter>
    </ClInclude>
    <ClInclude Include="ResourceManager.h">
      <Filter>Header Files\Resource Management</Filter>
    </ClInclude>
    <ClInclude Include="Player.h">
      <Filter>Header Files\Resource Management</Filter>
    </ClInclude>
    <ClInclude Include="Transition.h">
      <Filter>Header Files\State Management\Finite State Machine</Filter>
    </ClInclude>
    <ClInclude Include="SplashScreen.h">
      <Filter>Header Files\States</Filter>
    </ClInclude>
    <ClInclude Include="eGameState.h">
      <Filter>Header Files\State Management\Game State Manager</Filter>
    </ClInclude>
    <ClInclude Include="MainMenu.h">
      <Filter>Header Files\States</Filter>
    </ClInclude>
    <ClInclude Include="Gameplay.h">
      <Filter>Header Files\States</Filter>
    </ClInclude>
  </ItemGroup>
</Project>